PODS:
  - Alamofire (4.7.3)
  - Differentiator (3.0.2)
  - FTLinearActivityIndicator (1.0.4)
  - Kingfisher (4.8.1)
  - MarqueeLabel/Swift (3.1.6)
  - Nimble (7.1.3)
  - NotificationBannerSwift (1.6.3):
    - MarqueeLabel/Swift
    - SnapKit (~> 4.0)
  - Quick (1.3.1)
  - ReachabilitySwift (4.1.0)
  - RxAlamofire (4.2.0):
    - RxAlamofire/Core (= 4.2.0)
  - RxAlamofire/Core (4.2.0):
    - Alamofire (~> 4.5)
    - RxSwift (~> 4)
  - RxBlocking (4.2.0):
    - RxSwift (~> 4.0)
  - RxCocoa (4.2.0):
    - RxSwift (~> 4.0)
  - RxDataSources (3.0.2):
    - Differentiator (~> 3.0)
    - RxCocoa (~> 4.0)
    - RxSwift (~> 4.0)
  - RxSwift (4.2.0)
  - RxTest (4.2.0):
    - RxSwift (~> 4.0)
  - SkeletonView (1.3)
  - SnapKit (4.0.0)

DEPENDENCIES:
  - FTLinearActivityIndicator
  - Kingfisher
  - Nimble
  - NotificationBannerSwift
  - Quick
  - ReachabilitySwift
  - RxAlamofire
  - RxBlocking
  - RxCocoa
  - RxDataSources
  - RxSwift
  - RxTest
  - SkeletonView

SPEC REPOS:
  https://github.com/cocoapods/specs.git:
    - Alamofire
    - Differentiator
    - FTLinearActivityIndicator
    - Kingfisher
    - MarqueeLabel
    - Nimble
    - NotificationBannerSwift
    - Quick
    - ReachabilitySwift
    - RxAlamofire
    - RxBlocking
    - RxCocoa
    - RxDataSources
    - RxSwift
    - RxTest
    - SkeletonView
    - SnapKit

SPEC CHECKSUMS:
  Alamofire: c7287b6e5d7da964a70935e5db17046b7fde6568
  Differentiator: a87be69eba49ec4ab460c7671143ee3a9eececfd
  FTLinearActivityIndicator: 0c4ff2067cd67d88fd932ec214da90083ea7148e
  Kingfisher: 868c1149679a7ab6869be118faa9b5aed154aaf0
  MarqueeLabel: 0c41f08ef5773e29c0f71064a8fa788a2fd8b365
  Nimble: 2839b01d1b31f6a6a7777a221f0d91cf52e8e27b
  NotificationBannerSwift: b231e4c3244848ef300e1c53ce027b9756b9b06f
  Quick: d17304d58d0d169dd0bd1c6e5c28e3318de32a1a
  ReachabilitySwift: 6849231cd4e06559f3b9ef4a97a0a0f96d41e09f
  RxAlamofire: 87a9c588541210cc3e4a1f843ccc3ecf3eb98b31
  RxBlocking: e339d8a6e752e25ade95ff858466c55436668f59
  RxCocoa: 0b54909c902e1e581212a03e690bbd94032d8baa
  RxDataSources: cb7c31e652a87ebb919da45f716bbb87b3765f6b
  RxSwift: 99e10317ddfcc7fbe01356aafd118fde4a0be104
  RxTest: 8da864c0ee47534f586ff18fb0c7e5b2f1fe5023
  SkeletonView: 7694bfa90fae436487534900020ed39b8eabf94c
  SnapKit: a42d492c16e80209130a3379f73596c3454b7694

PODFILE CHECKSUM: 6bb2b5dc4513331513826349711b63cdd1d4d2c8

COCOAPODS: 1.5.3
